
Microsoft Visual Studio Solution File, Format Version 12.00
# Visual Studio Version 16
VisualStudioVersion = 16.0.29728.190
MinimumVisualStudioVersion = 10.0.40219.1
Project("{FAE04EC0-301F-11D3-BF4B-00C04F79EFBC}") = "Stack", "Stack\Stack.csproj", "{3F6300AC-6EA5-4875-863D-29BFF7F0BE17}"
EndProject
Global
	GlobalSection(SolutionConfigurationPlatforms) = preSolution
		Debug|Any CPU = Debug|Any CPU
		Release|Any CPU = Release|Any CPU
	EndGlobalSection
	GlobalSection(ProjectConfigurationPlatforms) = postSolution
		{3F6300AC-6EA5-4875-863D-29BFF7F0BE17}.Debug|Any CPU.ActiveCfg = Debug|Any CPU
		{3F6300AC-6EA5-4875-863D-29BFF7F0BE17}.Debug|Any CPU.Build.0 = Debug|Any CPU
		{3F6300AC-6EA5-4875-863D-29BFF7F0BE17}.Release|Any CPU.ActiveCfg = Release|Any CPU
		{3F6300AC-6EA5-4875-863D-29BFF7F0BE17}.Release|Any CPU.Build.0 = Release|Any CPU
	EndGlobalSection
	GlobalSection(SolutionProperties) = preSolution
		HideSolutionNode = FALSE
	EndGlobalSection
	GlobalSection(ExtensibilityGlobals) = postSolution
		SolutionGuid = {33263E24-51A7-424B-A316-832E946B2428}
	EndGlobalSection
EndGlobal
